
Microsoft Visual Studio Solution File, Format Version 12.00
# Visual Studio Version 17
VisualStudioVersion = 17.10.35013.160
MinimumVisualStudioVersion = 10.0.40219.1
Project("{FAE04EC0-301F-11D3-BF4B-00C04F79EFBC}") = "ConsoleApp2", "ConsoleApp2\ConsoleApp2.csproj", "{80959169-5AD0-407E-B87F-FB59F113EAF4}"
EndProject
Global
	GlobalSection(SolutionConfigurationPlatforms) = preSolution
		Debug|Any CPU = Debug|Any CPU
		Release|Any CPU = Release|Any CPU
	EndGlobalSection
	GlobalSection(ProjectConfigurationPlatforms) = postSolution
		{80959169-5AD0-407E-B87F-FB59F113EAF4}.Debug|Any CPU.ActiveCfg = Debug|Any CPU
		{80959169-5AD0-407E-B87F-FB59F113EAF4}.Debug|Any CPU.Build.0 = Debug|Any CPU
		{80959169-5AD0-407E-B87F-FB59F113EAF4}.Release|Any CPU.ActiveCfg = Release|Any CPU
		{80959169-5AD0-407E-B87F-FB59F113EAF4}.Release|Any CPU.Build.0 = Release|Any CPU
	EndGlobalSection
	GlobalSection(SolutionProperties) = preSolution
		HideSolutionNode = FALSE
	EndGlobalSection
	GlobalSection(ExtensibilityGlobals) = postSolution
		SolutionGuid = {0D27AC7A-EAB5-4600-81ED-082AC8832864}
	EndGlobalSection
EndGlobal
