
Microsoft Visual Studio Solution File, Format Version 12.00
# Visual Studio Version 17
VisualStudioVersion = 17.10.35013.160
MinimumVisualStudioVersion = 10.0.40219.1
Project("{FAE04EC0-301F-11D3-BF4B-00C04F79EFBC}") = "InheritancePratice", "InheritancePratice.csproj", "{59133495-04E4-4B5B-A629-723DC84B35A3}"
EndProject
Global
	GlobalSection(SolutionConfigurationPlatforms) = preSolution
		Debug|Any CPU = Debug|Any CPU
		Release|Any CPU = Release|Any CPU
	EndGlobalSection
	GlobalSection(ProjectConfigurationPlatforms) = postSolution
		{59133495-04E4-4B5B-A629-723DC84B35A3}.Debug|Any CPU.ActiveCfg = Debug|Any CPU
		{59133495-04E4-4B5B-A629-723DC84B35A3}.Debug|Any CPU.Build.0 = Debug|Any CPU
		{59133495-04E4-4B5B-A629-723DC84B35A3}.Release|Any CPU.ActiveCfg = Release|Any CPU
		{59133495-04E4-4B5B-A629-723DC84B35A3}.Release|Any CPU.Build.0 = Release|Any CPU
	EndGlobalSection
	GlobalSection(SolutionProperties) = preSolution
		HideSolutionNode = FALSE
	EndGlobalSection
	GlobalSection(ExtensibilityGlobals) = postSolution
		SolutionGuid = {0CD0BCCF-2F0C-4183-B885-A4A7D80E4446}
	EndGlobalSection
EndGlobal
